
Microsoft Visual Studio Solution File, Format Version 12.00
# Visual Studio Version 17
VisualStudioVersion = 17.7.34009.444
MinimumVisualStudioVersion = 10.0.40219.1
Project("{8BC9CEB8-8B4A-11D0-8D11-00A0C91BC942}") = "data-structure-final-project", "data-structure-final-project\data-structure-final-project.vcxproj", "{31A914DD-A2E9-4F96-B43C-3C97995DF60C}"
EndProject
Global
	GlobalSection(SolutionConfigurationPlatforms) = preSolution
		Debug|x64 = Debug|x64
		Debug|x86 = Debug|x86
		Release|x64 = Release|x64
		Release|x86 = Release|x86
	EndGlobalSection
	GlobalSection(ProjectConfigurationPlatforms) = postSolution
		{31A914DD-A2E9-4F96-B43C-3C97995DF60C}.Debug|x64.ActiveCfg = Debug|x64
		{31A914DD-A2E9-4F96-B43C-3C97995DF60C}.Debug|x64.Build.0 = Debug|x64
		{31A914DD-A2E9-4F96-B43C-3C97995DF60C}.Debug|x86.ActiveCfg = Debug|Win32
		{31A914DD-A2E9-4F96-B43C-3C97995DF60C}.Debug|x86.Build.0 = Debug|Win32
		{31A914DD-A2E9-4F96-B43C-3C97995DF60C}.Release|x64.ActiveCfg = Release|x64
		{31A914DD-A2E9-4F96-B43C-3C97995DF60C}.Release|x64.Build.0 = Release|x64
		{31A914DD-A2E9-4F96-B43C-3C97995DF60C}.Release|x86.ActiveCfg = Release|Win32
		{31A914DD-A2E9-4F96-B43C-3C97995DF60C}.Release|x86.Build.0 = Release|Win32
	EndGlobalSection
	GlobalSection(SolutionProperties) = preSolution
		HideSolutionNode = FALSE
	EndGlobalSection
	GlobalSection(ExtensibilityGlobals) = postSolution
		SolutionGuid = {FC93582F-06C8-4E8C-8BA3-C85EDCBEDBAB}
	EndGlobalSection
EndGlobal
